
Microsoft Visual Studio Solution File, Format Version 12.00
# Visual Studio Version 17
VisualStudioVersion = 17.5.002.0
MinimumVisualStudioVersion = 10.0.40219.1
Project("{2150E333-8FDC-42A3-9474-1A3956D46DE8}") = "csharp-prep", "csharp-prep", "{1A6FAB93-E6C6-44AC-A7FF-1E176EEC3D5C}"
EndProject
Project("{9A19103F-16F7-4668-BE54-9A1E7A4F7556}") = "Prep1", "csharp-prep\Prep1\Prep1.csproj", "{FAAA5039-5120-42E3-BEFA-810DF3912174}"
EndProject
Project("{9A19103F-16F7-4668-BE54-9A1E7A4F7556}") = "Prep2", "csharp-prep\Prep2\Prep2.csproj", "{AD94B0F2-89B7-422E-838C-1CC4AE062ACB}"
EndProject
Project("{9A19103F-16F7-4668-BE54-9A1E7A4F7556}") = "Prep3", "csharp-prep\Prep3\Prep3.csproj", "{A0CD9899-8F86-4F3E-BF1B-521B476E94F5}"
EndProject
Project("{9A19103F-16F7-4668-BE54-9A1E7A4F7556}") = "Prep4", "csharp-prep\Prep4\Prep4.csproj", "{E2638148-188E-416A-B202-D9920D5CF19C}"
EndProject
Project("{9A19103F-16F7-4668-BE54-9A1E7A4F7556}") = "Prep5", "csharp-prep\Prep5\Prep5.csproj", "{D4E280BF-AC6E-48B6-BA45-18D2B23CB95F}"
EndProject
Project("{2150E333-8FDC-42A3-9474-1A3956D46DE8}") = "final", "final", "{70237D9F-A629-4DA5-A287-7345DDFB45E0}"
EndProject
Project("{9A19103F-16F7-4668-BE54-9A1E7A4F7556}") = "FinalProject", "final\FinalProject\FinalProject.csproj", "{E91D9EB7-187B-4333-B4EC-685DF8AD777D}"
EndProject
Project("{9A19103F-16F7-4668-BE54-9A1E7A4F7556}") = "Foundation1", "final\Foundation1\Foundation1.csproj", "{5A36DCFD-2744-4FBE-8DD4-D8A71967F346}"
EndProject
Project("{9A19103F-16F7-4668-BE54-9A1E7A4F7556}") = "Foundation2", "final\Foundation2\Foundation2.csproj", "{BEA26057-06FB-493B-8803-5DA46C0C5399}"
EndProject
Project("{9A19103F-16F7-4668-BE54-9A1E7A4F7556}") = "Foundation3", "final\Foundation3\Foundation3.csproj", "{28E7FA53-80AF-4FAB-8D2C-D2FC9D969398}"
EndProject
Project("{9A19103F-16F7-4668-BE54-9A1E7A4F7556}") = "Foundation4", "final\Foundation4\Foundation4.csproj", "{A4503D1A-8B56-4743-92FE-E74A6994820A}"
EndProject
Project("{2150E333-8FDC-42A3-9474-1A3956D46DE8}") = "prepare", "prepare", "{2889B922-A12A-4335-BC30-30A53526093F}"
EndProject
Project("{9A19103F-16F7-4668-BE54-9A1E7A4F7556}") = "Learning02", "prepare\Learning02\Learning02.csproj", "{DE041935-116D-4072-9E19-843EA91BE462}"
EndProject
Project("{9A19103F-16F7-4668-BE54-9A1E7A4F7556}") = "Learning03", "prepare\Learning03\Learning03.csproj", "{43DFD97A-D130-4529-B286-68734E1255EE}"
EndProject
Project("{9A19103F-16F7-4668-BE54-9A1E7A4F7556}") = "Learning04", "prepare\Learning04\Learning04.csproj", "{082943C6-8EBB-4B39-9420-0D5E84C343E6}"
EndProject
Project("{9A19103F-16F7-4668-BE54-9A1E7A4F7556}") = "Learning05", "prepare\Learning05\Learning05.csproj", "{78121719-3098-4F37-9D79-BFA7C5E7DF95}"
EndProject
Project("{2150E333-8FDC-42A3-9474-1A3956D46DE8}") = "prove", "prove", "{A728C96A-E058-4C4F-99C6-C71315F260DE}"
EndProject
Project("{9A19103F-16F7-4668-BE54-9A1E7A4F7556}") = "Develop02", "prove\Develop02\Develop02.csproj", "{C8BAD6F0-B2C4-48A2-AACB-E71082FF2950}"
EndProject
Project("{9A19103F-16F7-4668-BE54-9A1E7A4F7556}") = "Develop03", "prove\Develop03\Develop03.csproj", "{779906C9-652D-48A3-8B42-D7B972041A68}"
EndProject
Project("{9A19103F-16F7-4668-BE54-9A1E7A4F7556}") = "Develop04", "prove\Develop04\Develop04.csproj", "{FAD29015-DDF0-4980-A685-19077B922F35}"
EndProject
Project("{9A19103F-16F7-4668-BE54-9A1E7A4F7556}") = "Develop05", "prove\Develop05\Develop05.csproj", "{1831C324-E66A-4431-9CEC-8C9C8B6C87EB}"
EndProject
Project("{2150E333-8FDC-42A3-9474-1A3956D46DE8}") = "sandbox", "sandbox", "{C9B32151-8E1E-48D9-BDD9-1357DD78C0E3}"
EndProject
Project("{9A19103F-16F7-4668-BE54-9A1E7A4F7556}") = "Sandbox", "sandbox\Sandbox\Sandbox.csproj", "{9B50C0C8-21E2-4711-B6BE-C19D2C342489}"
EndProject
Global
	GlobalSection(SolutionConfigurationPlatforms) = preSolution
		Debug|Any CPU = Debug|Any CPU
		Release|Any CPU = Release|Any CPU
	EndGlobalSection
	GlobalSection(ProjectConfigurationPlatforms) = postSolution
		{FAAA5039-5120-42E3-BEFA-810DF3912174}.Debug|Any CPU.ActiveCfg = Debug|Any CPU
		{FAAA5039-5120-42E3-BEFA-810DF3912174}.Debug|Any CPU.Build.0 = Debug|Any CPU
		{FAAA5039-5120-42E3-BEFA-810DF3912174}.Release|Any CPU.ActiveCfg = Release|Any CPU
		{FAAA5039-5120-42E3-BEFA-810DF3912174}.Release|Any CPU.Build.0 = Release|Any CPU
		{AD94B0F2-89B7-422E-838C-1CC4AE062ACB}.Debug|Any CPU.ActiveCfg = Debug|Any CPU
		{AD94B0F2-89B7-422E-838C-1CC4AE062ACB}.Debug|Any CPU.Build.0 = Debug|Any CPU
		{AD94B0F2-89B7-422E-838C-1CC4AE062ACB}.Release|Any CPU.ActiveCfg = Release|Any CPU
		{AD94B0F2-89B7-422E-838C-1CC4AE062ACB}.Release|Any CPU.Build.0 = Release|Any CPU
		{A0CD9899-8F86-4F3E-BF1B-521B476E94F5}.Debug|Any CPU.ActiveCfg = Debug|Any CPU
		{A0CD9899-8F86-4F3E-BF1B-521B476E94F5}.Debug|Any CPU.Build.0 = Debug|Any CPU
		{A0CD9899-8F86-4F3E-BF1B-521B476E94F5}.Release|Any CPU.ActiveCfg = Release|Any CPU
		{A0CD9899-8F86-4F3E-BF1B-521B476E94F5}.Release|Any CPU.Build.0 = Release|Any CPU
		{E2638148-188E-416A-B202-D9920D5CF19C}.Debug|Any CPU.ActiveCfg = Debug|Any CPU
		{E2638148-188E-416A-B202-D9920D5CF19C}.Debug|Any CPU.Build.0 = Debug|Any CPU
		{E2638148-188E-416A-B202-D9920D5CF19C}.Release|Any CPU.ActiveCfg = Release|Any CPU
		{E2638148-188E-416A-B202-D9920D5CF19C}.Release|Any CPU.Build.0 = Release|Any CPU
		{D4E280BF-AC6E-48B6-BA45-18D2B23CB95F}.Debug|Any CPU.ActiveCfg = Debug|Any CPU
		{D4E280BF-AC6E-48B6-BA45-18D2B23CB95F}.Debug|Any CPU.Build.0 = Debug|Any CPU
		{D4E280BF-AC6E-48B6-BA45-18D2B23CB95F}.Release|Any CPU.ActiveCfg = Release|Any CPU
		{D4E280BF-AC6E-48B6-BA45-18D2B23CB95F}.Release|Any CPU.Build.0 = Release|Any CPU
		{E91D9EB7-187B-4333-B4EC-685DF8AD777D}.Debug|Any CPU.ActiveCfg = Debug|Any CPU
		{E91D9EB7-187B-4333-B4EC-685DF8AD777D}.Debug|Any CPU.Build.0 = Debug|Any CPU
		{E91D9EB7-187B-4333-B4EC-685DF8AD777D}.Release|Any CPU.ActiveCfg = Release|Any CPU
		{E91D9EB7-187B-4333-B4EC-685DF8AD777D}.Release|Any CPU.Build.0 = Release|Any CPU
		{5A36DCFD-2744-4FBE-8DD4-D8A71967F346}.Debug|Any CPU.ActiveCfg = Debug|Any CPU
		{5A36DCFD-2744-4FBE-8DD4-D8A71967F346}.Debug|Any CPU.Build.0 = Debug|Any CPU
		{5A36DCFD-2744-4FBE-8DD4-D8A71967F346}.Release|Any CPU.ActiveCfg = Release|Any CPU
		{5A36DCFD-2744-4FBE-8DD4-D8A71967F346}.Release|Any CPU.Build.0 = Release|Any CPU
		{BEA26057-06FB-493B-8803-5DA46C0C5399}.Debug|Any CPU.ActiveCfg = Debug|Any CPU
		{BEA26057-06FB-493B-8803-5DA46C0C5399}.Debug|Any CPU.Build.0 = Debug|Any CPU
		{BEA26057-06FB-493B-8803-5DA46C0C5399}.Release|Any CPU.ActiveCfg = Release|Any CPU
		{BEA26057-06FB-493B-8803-5DA46C0C5399}.Release|Any CPU.Build.0 = Release|Any CPU
		{28E7FA53-80AF-4FAB-8D2C-D2FC9D969398}.Debug|Any CPU.ActiveCfg = Debug|Any CPU
		{28E7FA53-80AF-4FAB-8D2C-D2FC9D969398}.Debug|Any CPU.Build.0 = Debug|Any CPU
		{28E7FA53-80AF-4FAB-8D2C-D2FC9D969398}.Release|Any CPU.ActiveCfg = Release|Any CPU
		{28E7FA53-80AF-4FAB-8D2C-D2FC9D969398}.Release|Any CPU.Build.0 = Release|Any CPU
		{A4503D1A-8B56-4743-92FE-E74A6994820A}.Debug|Any CPU.ActiveCfg = Debug|Any CPU
		{A4503D1A-8B56-4743-92FE-E74A6994820A}.Debug|Any CPU.Build.0 = Debug|Any CPU
		{A4503D1A-8B56-4743-92FE-E74A6994820A}.Release|Any CPU.ActiveCfg = Release|Any CPU
		{A4503D1A-8B56-4743-92FE-E74A6994820A}.Release|Any CPU.Build.0 = Release|Any CPU
		{DE041935-116D-4072-9E19-843EA91BE462}.Debug|Any CPU.ActiveCfg = Debug|Any CPU
		{DE041935-116D-4072-9E19-843EA91BE462}.Debug|Any CPU.Build.0 = Debug|Any CPU
		{DE041935-116D-4072-9E19-843EA91BE462}.Release|Any CPU.ActiveCfg = Release|Any CPU
		{DE041935-116D-4072-9E19-843EA91BE462}.Release|Any CPU.Build.0 = Release|Any CPU
		{43DFD97A-D130-4529-B286-68734E1255EE}.Debug|Any CPU.ActiveCfg = Debug|Any CPU
		{43DFD97A-D130-4529-B286-68734E1255EE}.Debug|Any CPU.Build.0 = Debug|Any CPU
		{43DFD97A-D130-4529-B286-68734E1255EE}.Release|Any CPU.ActiveCfg = Release|Any CPU
		{43DFD97A-D130-4529-B286-68734E1255EE}.Release|Any CPU.Build.0 = Release|Any CPU
		{082943C6-8EBB-4B39-9420-0D5E84C343E6}.Debug|Any CPU.ActiveCfg = Debug|Any CPU
		{082943C6-8EBB-4B39-9420-0D5E84C343E6}.Debug|Any CPU.Build.0 = Debug|Any CPU
		{082943C6-8EBB-4B39-9420-0D5E84C343E6}.Release|Any CPU.ActiveCfg = Release|Any CPU
		{082943C6-8EBB-4B39-9420-0D5E84C343E6}.Release|Any CPU.Build.0 = Release|Any CPU
		{78121719-3098-4F37-9D79-BFA7C5E7DF95}.Debug|Any CPU.ActiveCfg = Debug|Any CPU
		{78121719-3098-4F37-9D79-BFA7C5E7DF95}.Debug|Any CPU.Build.0 = Debug|Any CPU
		{78121719-3098-4F37-9D79-BFA7C5E7DF95}.Release|Any CPU.ActiveCfg = Release|Any CPU
		{78121719-3098-4F37-9D79-BFA7C5E7DF95}.Release|Any CPU.Build.0 = Release|Any CPU
		{C8BAD6F0-B2C4-48A2-AACB-E71082FF2950}.Debug|Any CPU.ActiveCfg = Debug|Any CPU
		{C8BAD6F0-B2C4-48A2-AACB-E71082FF2950}.Debug|Any CPU.Build.0 = Debug|Any CPU
		{C8BAD6F0-B2C4-48A2-AACB-E71082FF2950}.Release|Any CPU.ActiveCfg = Release|Any CPU
		{C8BAD6F0-B2C4-48A2-AACB-E71082FF2950}.Release|Any CPU.Build.0 = Release|Any CPU
		{779906C9-652D-48A3-8B42-D7B972041A68}.Debug|Any CPU.ActiveCfg = Debug|Any CPU
		{779906C9-652D-48A3-8B42-D7B972041A68}.Debug|Any CPU.Build.0 = Debug|Any CPU
		{779906C9-652D-48A3-8B42-D7B972041A68}.Release|Any CPU.ActiveCfg = Release|Any CPU
		{779906C9-652D-48A3-8B42-D7B972041A68}.Release|Any CPU.Build.0 = Release|Any CPU
		{FAD29015-DDF0-4980-A685-19077B922F35}.Debug|Any CPU.ActiveCfg = Debug|Any CPU
		{FAD29015-DDF0-4980-A685-19077B922F35}.Debug|Any CPU.Build.0 = Debug|Any CPU
		{FAD29015-DDF0-4980-A685-19077B922F35}.Release|Any CPU.ActiveCfg = Release|Any CPU
		{FAD29015-DDF0-4980-A685-19077B922F35}.Release|Any CPU.Build.0 = Release|Any CPU
		{1831C324-E66A-4431-9CEC-8C9C8B6C87EB}.Debug|Any CPU.ActiveCfg = Debug|Any CPU
		{1831C324-E66A-4431-9CEC-8C9C8B6C87EB}.Debug|Any CPU.Build.0 = Debug|Any CPU
		{1831C324-E66A-4431-9CEC-8C9C8B6C87EB}.Release|Any CPU.ActiveCfg = Release|Any CPU
		{1831C324-E66A-4431-9CEC-8C9C8B6C87EB}.Release|Any CPU.Build.0 = Release|Any CPU
		{9B50C0C8-21E2-4711-B6BE-C19D2C342489}.Debug|Any CPU.ActiveCfg = Debug|Any CPU
		{9B50C0C8-21E2-4711-B6BE-C19D2C342489}.Debug|Any CPU.Build.0 = Debug|Any CPU
		{9B50C0C8-21E2-4711-B6BE-C19D2C342489}.Release|Any CPU.ActiveCfg = Release|Any CPU
		{9B50C0C8-21E2-4711-B6BE-C19D2C342489}.Release|Any CPU.Build.0 = Release|Any CPU
	EndGlobalSection
	GlobalSection(SolutionProperties) = preSolution
		HideSolutionNode = FALSE
	EndGlobalSection
	GlobalSection(NestedProjects) = preSolution
		{FAAA5039-5120-42E3-BEFA-810DF3912174} = {1A6FAB93-E6C6-44AC-A7FF-1E176EEC3D5C}
		{AD94B0F2-89B7-422E-838C-1CC4AE062ACB} = {1A6FAB93-E6C6-44AC-A7FF-1E176EEC3D5C}
		{A0CD9899-8F86-4F3E-BF1B-521B476E94F5} = {1A6FAB93-E6C6-44AC-A7FF-1E176EEC3D5C}
		{E2638148-188E-416A-B202-D9920D5CF19C} = {1A6FAB93-E6C6-44AC-A7FF-1E176EEC3D5C}
		{D4E280BF-AC6E-48B6-BA45-18D2B23CB95F} = {1A6FAB93-E6C6-44AC-A7FF-1E176EEC3D5C}
		{E91D9EB7-187B-4333-B4EC-685DF8AD777D} = {70237D9F-A629-4DA5-A287-7345DDFB45E0}
		{5A36DCFD-2744-4FBE-8DD4-D8A71967F346} = {70237D9F-A629-4DA5-A287-7345DDFB45E0}
		{BEA26057-06FB-493B-8803-5DA46C0C5399} = {70237D9F-A629-4DA5-A287-7345DDFB45E0}
		{28E7FA53-80AF-4FAB-8D2C-D2FC9D969398} = {70237D9F-A629-4DA5-A287-7345DDFB45E0}
		{A4503D1A-8B56-4743-92FE-E74A6994820A} = {70237D9F-A629-4DA5-A287-7345DDFB45E0}
		{DE041935-116D-4072-9E19-843EA91BE462} = {2889B922-A12A-4335-BC30-30A53526093F}
		{43DFD97A-D130-4529-B286-68734E1255EE} = {2889B922-A12A-4335-BC30-30A53526093F}
		{082943C6-8EBB-4B39-9420-0D5E84C343E6} = {2889B922-A12A-4335-BC30-30A53526093F}
		{78121719-3098-4F37-9D79-BFA7C5E7DF95} = {2889B922-A12A-4335-BC30-30A53526093F}
		{C8BAD6F0-B2C4-48A2-AACB-E71082FF2950} = {A728C96A-E058-4C4F-99C6-C71315F260DE}
		{779906C9-652D-48A3-8B42-D7B972041A68} = {A728C96A-E058-4C4F-99C6-C71315F260DE}
		{FAD29015-DDF0-4980-A685-19077B922F35} = {A728C96A-E058-4C4F-99C6-C71315F260DE}
		{1831C324-E66A-4431-9CEC-8C9C8B6C87EB} = {A728C96A-E058-4C4F-99C6-C71315F260DE}
		{9B50C0C8-21E2-4711-B6BE-C19D2C342489} = {C9B32151-8E1E-48D9-BDD9-1357DD78C0E3}
	EndGlobalSection
	GlobalSection(ExtensibilityGlobals) = postSolution
		SolutionGuid = {9CB29B25-E800-47F1-9707-5C3077D8B062}
	EndGlobalSection
EndGlobal
